
Microsoft Visual Studio Solution File, Format Version 12.00
# Visual Studio Version 17
VisualStudioVersion = 17.9.34728.123
MinimumVisualStudioVersion = 10.0.40219.1
Project("{FAE04EC0-301F-11D3-BF4B-00C04F79EFBC}") = "YTDL-GUI", "YTDL-GUI.csproj", "{B4EB0291-7646-48F6-846E-C8977BF0D4F1}"
EndProject
Global
	GlobalSection(SolutionConfigurationPlatforms) = preSolution
		Debug|Any CPU = Debug|Any CPU
		Release|Any CPU = Release|Any CPU
	EndGlobalSection
	GlobalSection(ProjectConfigurationPlatforms) = postSolution
		{B4EB0291-7646-48F6-846E-C8977BF0D4F1}.Debug|Any CPU.ActiveCfg = Debug|Any CPU
		{B4EB0291-7646-48F6-846E-C8977BF0D4F1}.Debug|Any CPU.Build.0 = Debug|Any CPU
		{B4EB0291-7646-48F6-846E-C8977BF0D4F1}.Release|Any CPU.ActiveCfg = Release|Any CPU
		{B4EB0291-7646-48F6-846E-C8977BF0D4F1}.Release|Any CPU.Build.0 = Release|Any CPU
	EndGlobalSection
	GlobalSection(SolutionProperties) = preSolution
		HideSolutionNode = FALSE
	EndGlobalSection
	GlobalSection(ExtensibilityGlobals) = postSolution
		SolutionGuid = {A3978608-AD49-449D-9F39-6E02574F550C}
	EndGlobalSection
EndGlobal
